// !$*UTF8*$!
{
	archiveVersion = 1;
	classes = {
	};
	objectVersion = 46;
	objects = {

/* Begin PBXAggregateTarget section */
		FF2506B4168CDBF500667FD9 /* IQNetworking - Universal */ = {
			isa = PBXAggregateTarget;
			buildConfigurationList = FF2506B5168CDBF500667FD9 /* Build configuration list for PBXAggregateTarget "IQNetworking - Universal" */;
			buildPhases = (
				FF2506B8168CDC2300667FD9 /* ShellScript */,
			);
			dependencies = (
			);
			name = "IQNetworking - Universal";
			productName = "IQNetworking - Universal";
		};
/* End PBXAggregateTarget section */

/* Begin PBXBuildFile section */
		FF24FDB517F775D10006FC44 /* SystemConfiguration.framework in Frameworks */ = {isa = PBXBuildFile; fileRef = FF24FDB417F775D10006FC44 /* SystemConfiguration.framework */; };
		FF24FDB617F776A70006FC44 /* IQProgressAgregator.m in Sources */ = {isa = PBXBuildFile; fileRef = FF7FB6E216AE6098008B6C60 /* IQProgressAgregator.m */; };
		FF24FDB817F779B40006FC44 /* IQNetworkSynchronizedFolderTest.m in Sources */ = {isa = PBXBuildFile; fileRef = FF24FDB717F779B40006FC44 /* IQNetworkSynchronizedFolderTest.m */; };
		FF24FDBA17F77A540006FC44 /* XCTest.framework in Frameworks */ = {isa = PBXBuildFile; fileRef = FF24FDB917F77A540006FC44 /* XCTest.framework */; };
		FF24FDBC17F77B670006FC44 /* IQNetworkSynchronizedFolderTest.m in Sources */ = {isa = PBXBuildFile; fileRef = FF24FDB717F779B40006FC44 /* IQNetworkSynchronizedFolderTest.m */; };
		FF25064C168CD6E300667FD9 /* IQHTTPServer.h in Headers */ = {isa = PBXBuildFile; fileRef = FF25064A168CD6E300667FD9 /* IQHTTPServer.h */; settings = {ATTRIBUTES = (Public, ); }; };
		FF25064D168CD6E300667FD9 /* IQHTTPServer.m in Sources */ = {isa = PBXBuildFile; fileRef = FF25064B168CD6E300667FD9 /* IQHTTPServer.m */; };
		FF25064E168CD6E300667FD9 /* IQHTTPServer.m in Sources */ = {isa = PBXBuildFile; fileRef = FF25064B168CD6E300667FD9 /* IQHTTPServer.m */; };
		FF2506C1168CDCC400667FD9 /* IQNetworking.h in Headers */ = {isa = PBXBuildFile; fileRef = FFB6E0751665613100A8867C /* IQNetworking.h */; settings = {ATTRIBUTES = (Public, ); }; };
		FF2506C2168CDCC600667FD9 /* IQTransferManager.h in Headers */ = {isa = PBXBuildFile; fileRef = FFB6E0AB16661A3900A8867C /* IQTransferManager.h */; settings = {ATTRIBUTES = (Public, ); }; };
		FF2506C3168CDCC900667FD9 /* IQNetworkSynchronizedFolder.h in Headers */ = {isa = PBXBuildFile; fileRef = FFB6E0A51666123500A8867C /* IQNetworkSynchronizedFolder.h */; settings = {ATTRIBUTES = (Public, ); }; };
		FF2506C4168CDCCB00667FD9 /* IQReachableStatus.h in Headers */ = {isa = PBXBuildFile; fileRef = FFB6E098166571CB00A8867C /* IQReachableStatus.h */; settings = {ATTRIBUTES = (Public, ); }; };
		FF2506C5168CDCCE00667FD9 /* IQHTTPServer.h in Headers */ = {isa = PBXBuildFile; fileRef = FF25064A168CD6E300667FD9 /* IQHTTPServer.h */; settings = {ATTRIBUTES = (Public, ); }; };
		FF2506CB168CE94A00667FD9 /* IQNetworking.h in Headers */ = {isa = PBXBuildFile; fileRef = FFB6E0751665613100A8867C /* IQNetworking.h */; };
		FF2506CC168CE95800667FD9 /* IQReachableStatus.h in Headers */ = {isa = PBXBuildFile; fileRef = FFB6E098166571CB00A8867C /* IQReachableStatus.h */; settings = {ATTRIBUTES = (Public, ); }; };
		FF2506CD168CE95E00667FD9 /* IQNetworkSynchronizedFolder.h in Headers */ = {isa = PBXBuildFile; fileRef = FFB6E0A51666123500A8867C /* IQNetworkSynchronizedFolder.h */; settings = {ATTRIBUTES = (Public, ); }; };
		FF2506CE168CE96200667FD9 /* IQTransferManager.h in Headers */ = {isa = PBXBuildFile; fileRef = FFB6E0AB16661A3900A8867C /* IQTransferManager.h */; settings = {ATTRIBUTES = (Public, ); }; };
		FF2506D5168CEAF000667FD9 /* IQHTTPServerTests.m in Sources */ = {isa = PBXBuildFile; fileRef = FF2506D0168CEA0000667FD9 /* IQHTTPServerTests.m */; };
		FF2506D6168CEAF200667FD9 /* IQHTTPServerTests.m in Sources */ = {isa = PBXBuildFile; fileRef = FF2506D0168CEA0000667FD9 /* IQHTTPServerTests.m */; };
		FF2506DE168CF67700667FD9 /* CoreFoundation.framework in Frameworks */ = {isa = PBXBuildFile; fileRef = FF2506DD168CF67700667FD9 /* CoreFoundation.framework */; };
		FF2506E1168CF67700667FD9 /* main.m in Sources */ = {isa = PBXBuildFile; fileRef = FF2506E0168CF67700667FD9 /* main.m */; };
		FF2506E7168CF69E00667FD9 /* IQNetworking.framework in Frameworks */ = {isa = PBXBuildFile; fileRef = FFB0285B1666D57400CED715 /* IQNetworking.framework */; };
		FF2506EA168DA3A600667FD9 /* IQMIMEType.h in Headers */ = {isa = PBXBuildFile; fileRef = FF2506E8168DA3A600667FD9 /* IQMIMEType.h */; settings = {ATTRIBUTES = (Public, ); }; };
		FF2506EB168DA3A600667FD9 /* IQMIMEType.h in Headers */ = {isa = PBXBuildFile; fileRef = FF2506E8168DA3A600667FD9 /* IQMIMEType.h */; settings = {ATTRIBUTES = (Public, ); }; };
		FF2506EC168DA3A600667FD9 /* IQMIMEType.m in Sources */ = {isa = PBXBuildFile; fileRef = FF2506E9168DA3A600667FD9 /* IQMIMEType.m */; };
		FF2506ED168DA3A600667FD9 /* IQMIMEType.m in Sources */ = {isa = PBXBuildFile; fileRef = FF2506E9168DA3A600667FD9 /* IQMIMEType.m */; };
		FF2506F0168E417100667FD9 /* MobileCoreServices.framework in Frameworks */ = {isa = PBXBuildFile; fileRef = FF2506EF168E417100667FD9 /* MobileCoreServices.framework */; };
		FF2506F2168E41C400667FD9 /* UIKit.framework in Frameworks */ = {isa = PBXBuildFile; fileRef = FF2506F1168E41C400667FD9 /* UIKit.framework */; };
		FF2506F4168E453200667FD9 /* CFNetwork.framework in Frameworks */ = {isa = PBXBuildFile; fileRef = FF2506F3168E453200667FD9 /* CFNetwork.framework */; };
		FF2506F7168E459000667FD9 /* IQStreamingMediaCache.h in Headers */ = {isa = PBXBuildFile; fileRef = FF2506F5168E459000667FD9 /* IQStreamingMediaCache.h */; settings = {ATTRIBUTES = (Public, ); }; };
		FF2506F8168E459000667FD9 /* IQStreamingMediaCache.h in Headers */ = {isa = PBXBuildFile; fileRef = FF2506F5168E459000667FD9 /* IQStreamingMediaCache.h */; settings = {ATTRIBUTES = (Public, ); }; };
		FF2506F9168E459000667FD9 /* IQStreamingMediaCache.m in Sources */ = {isa = PBXBuildFile; fileRef = FF2506F6168E459000667FD9 /* IQStreamingMediaCache.m */; };
		FF2506FA168E459000667FD9 /* IQStreamingMediaCache.m in Sources */ = {isa = PBXBuildFile; fileRef = FF2506F6168E459000667FD9 /* IQStreamingMediaCache.m */; };
		FF2508791693B8A800667FD9 /* IQTransferManagerTests.m in Sources */ = {isa = PBXBuildFile; fileRef = FF2508781693B8A800667FD9 /* IQTransferManagerTests.m */; };
		FF25087A1693B8A800667FD9 /* IQTransferManagerTests.m in Sources */ = {isa = PBXBuildFile; fileRef = FF2508781693B8A800667FD9 /* IQTransferManagerTests.m */; };
		FF7FB6E316AE6098008B6C60 /* IQProgressAgregator.h in Headers */ = {isa = PBXBuildFile; fileRef = FF7FB6E116AE6098008B6C60 /* IQProgressAgregator.h */; settings = {ATTRIBUTES = (Public, ); }; };
		FF7FB6E416AE6098008B6C60 /* IQProgressAgregator.m in Sources */ = {isa = PBXBuildFile; fileRef = FF7FB6E216AE6098008B6C60 /* IQProgressAgregator.m */; };
		FFB0285D1666D57400CED715 /* Cocoa.framework in Frameworks */ = {isa = PBXBuildFile; fileRef = FFB0285C1666D57400CED715 /* Cocoa.framework */; };
		FFB0286F1666D57400CED715 /* Cocoa.framework in Frameworks */ = {isa = PBXBuildFile; fileRef = FFB0285C1666D57400CED715 /* Cocoa.framework */; };
		FFB028721666D57400CED715 /* IQNetworking.framework in Frameworks */ = {isa = PBXBuildFile; fileRef = FFB0285B1666D57400CED715 /* IQNetworking.framework */; };
		FFB028831666D6F600CED715 /* IQTransferManager.m in Sources */ = {isa = PBXBuildFile; fileRef = FFB6E0AC16661A3900A8867C /* IQTransferManager.m */; };
		FFB028841666D6F800CED715 /* IQNetworkSynchronizedFolder.m in Sources */ = {isa = PBXBuildFile; fileRef = FFB6E0A61666123500A8867C /* IQNetworkSynchronizedFolder.m */; };
		FFB028851666D6FA00CED715 /* IQReachableStatus.m in Sources */ = {isa = PBXBuildFile; fileRef = FFB6E099166571CB00A8867C /* IQReachableStatus.m */; };
		FFB028861666D6FF00CED715 /* IQMIMETests.m in Sources */ = {isa = PBXBuildFile; fileRef = FFB6E08E1665613200A8867C /* IQMIMETests.m */; };
		FFB0288A1666D78400CED715 /* SystemConfiguration.framework in Frameworks */ = {isa = PBXBuildFile; fileRef = FFB028891666D78400CED715 /* SystemConfiguration.framework */; };
		FFB0288C1666D79400CED715 /* SystemConfiguration.framework in Frameworks */ = {isa = PBXBuildFile; fileRef = FFB0288B1666D79400CED715 /* SystemConfiguration.framework */; };
		FFB188AD1B28358D00A63B60 /* libIQSerialization.a in Frameworks */ = {isa = PBXBuildFile; fileRef = FFB1889F1B28347700A63B60 /* libIQSerialization.a */; };
		FFB188D01B283BBE00A63B60 /* IQSerialization.framework in Frameworks */ = {isa = PBXBuildFile; fileRef = FFB188A31B28347700A63B60 /* IQSerialization.framework */; };
		FFB6E0711665613100A8867C /* Foundation.framework in Frameworks */ = {isa = PBXBuildFile; fileRef = FFB6E0701665613100A8867C /* Foundation.framework */; };
		FFB6E0831665613200A8867C /* Foundation.framework in Frameworks */ = {isa = PBXBuildFile; fileRef = FFB6E0701665613100A8867C /* Foundation.framework */; };
		FFB6E0861665613200A8867C /* libIQNetworking.a in Frameworks */ = {isa = PBXBuildFile; fileRef = FFB6E06D1665613100A8867C /* libIQNetworking.a */; };
		FFB6E08C1665613200A8867C /* InfoPlist.strings in Resources */ = {isa = PBXBuildFile; fileRef = FFB6E08A1665613200A8867C /* InfoPlist.strings */; };
		FFB6E08F1665613200A8867C /* IQMIMETests.m in Sources */ = {isa = PBXBuildFile; fileRef = FFB6E08E1665613200A8867C /* IQMIMETests.m */; };
		FFB6E09A166571CB00A8867C /* IQReachableStatus.m in Sources */ = {isa = PBXBuildFile; fileRef = FFB6E099166571CB00A8867C /* IQReachableStatus.m */; };
		FFB6E0A71666123500A8867C /* IQNetworkSynchronizedFolder.m in Sources */ = {isa = PBXBuildFile; fileRef = FFB6E0A61666123500A8867C /* IQNetworkSynchronizedFolder.m */; };
		FFB6E0AD16661A3900A8867C /* IQTransferManager.m in Sources */ = {isa = PBXBuildFile; fileRef = FFB6E0AC16661A3900A8867C /* IQTransferManager.m */; };
		FFBAC78516E5639800D69BCF /* IQProgressAgregator.h in Headers */ = {isa = PBXBuildFile; fileRef = FF7FB6E116AE6098008B6C60 /* IQProgressAgregator.h */; settings = {ATTRIBUTES = (Public, ); }; };
		FFFE9B1C184BEE2E007BACB7 /* XCTest.framework in Frameworks */ = {isa = PBXBuildFile; fileRef = FF24FDB917F77A540006FC44 /* XCTest.framework */; };
/* End PBXBuildFile section */

/* Begin PBXContainerItemProxy section */
		FFB028701666D57400CED715 /* PBXContainerItemProxy */ = {
			isa = PBXContainerItemProxy;
			containerPortal = FFB6E0641665613100A8867C /* Project object */;
			proxyType = 1;
			remoteGlobalIDString = FFB0285A1666D57400CED715;
			remoteInfo = "IQNetworking - OSX";
		};
		FFB1889E1B28347700A63B60 /* PBXContainerItemProxy */ = {
			isa = PBXContainerItemProxy;
			containerPortal = FFB188961B28347600A63B60 /* IQSerialization.xcodeproj */;
			proxyType = 2;
			remoteGlobalIDString = FF9D9E571639D803002A9272;
			remoteInfo = "IQSerialization - iOS";
		};
		FFB188A01B28347700A63B60 /* PBXContainerItemProxy */ = {
			isa = PBXContainerItemProxy;
			containerPortal = FFB188961B28347600A63B60 /* IQSerialization.xcodeproj */;
			proxyType = 2;
			remoteGlobalIDString = FF9D9E681639D803002A9272;
			remoteInfo = "Tests - iOS";
		};
		FFB188A21B28347700A63B60 /* PBXContainerItemProxy */ = {
			isa = PBXContainerItemProxy;
			containerPortal = FFB188961B28347600A63B60 /* IQSerialization.xcodeproj */;
			proxyType = 2;
			remoteGlobalIDString = FFB028921666DA5300CED715;
			remoteInfo = "IQSerialization - OSX";
		};
		FFB188A41B28347700A63B60 /* PBXContainerItemProxy */ = {
			isa = PBXContainerItemProxy;
			containerPortal = FFB188961B28347600A63B60 /* IQSerialization.xcodeproj */;
			proxyType = 2;
			remoteGlobalIDString = FF9D9F35163F1A3D002A9272;
			remoteInfo = "Tests - OSX";
		};
		FFB188AE1B28359500A63B60 /* PBXContainerItemProxy */ = {
			isa = PBXContainerItemProxy;
			containerPortal = FFB188961B28347600A63B60 /* IQSerialization.xcodeproj */;
			proxyType = 1;
			remoteGlobalIDString = FF9D9E561639D803002A9272;
			remoteInfo = "IQSerialization - iOS";
		};
		FFB188CC1B283B8100A63B60 /* PBXContainerItemProxy */ = {
			isa = PBXContainerItemProxy;
			containerPortal = FFB188961B28347600A63B60 /* IQSerialization.xcodeproj */;
			proxyType = 1;
			remoteGlobalIDString = FFB028911666DA5300CED715;
			remoteInfo = "IQSerialization - OSX";
		};
		FFB6E0841665613200A8867C /* PBXContainerItemProxy */ = {
			isa = PBXContainerItemProxy;
			containerPortal = FFB6E0641665613100A8867C /* Project object */;
			proxyType = 1;
			remoteGlobalIDString = FFB6E06C1665613100A8867C;
			remoteInfo = IQNetworking;
		};
/* End PBXContainerItemProxy section */

/* Begin PBXCopyFilesBuildPhase section */
		FF2506D9168CF67700667FD9 /* CopyFiles */ = {
			isa = PBXCopyFilesBuildPhase;
			buildActionMask = 2147483647;
			dstPath = /usr/share/man/man1/;
			dstSubfolderSpec = 0;
			files = (
			);
			runOnlyForDeploymentPostprocessing = 1;
		};
/* End PBXCopyFilesBuildPhase section */

/* Begin PBXFileReference section */
		FF24FDB417F775D10006FC44 /* SystemConfiguration.framework */ = {isa = PBXFileReference; lastKnownFileType = wrapper.framework; name = SystemConfiguration.framework; path = System/Library/Frameworks/SystemConfiguration.framework; sourceTree = SDKROOT; };
		FF24FDB717F779B40006FC44 /* IQNetworkSynchronizedFolderTest.m */ = {isa = PBXFileReference; fileEncoding = 4; lastKnownFileType = sourcecode.c.objc; path = IQNetworkSynchronizedFolderTest.m; sourceTree = "<group>"; };
		FF24FDB917F77A540006FC44 /* XCTest.framework */ = {isa = PBXFileReference; lastKnownFileType = wrapper.framework; name = XCTest.framework; path = Library/Frameworks/XCTest.framework; sourceTree = DEVELOPER_DIR; };
		FF25064A168CD6E300667FD9 /* IQHTTPServer.h */ = {isa = PBXFileReference; fileEncoding = 4; lastKnownFileType = sourcecode.c.h; path = IQHTTPServer.h; sourceTree = "<group>"; };
		FF25064B168CD6E300667FD9 /* IQHTTPServer.m */ = {isa = PBXFileReference; fileEncoding = 4; lastKnownFileType = sourcecode.c.objc; path = IQHTTPServer.m; sourceTree = "<group>"; };
		FF2506C6168CDE2200667FD9 /* IQNetworking-Info.plist */ = {isa = PBXFileReference; fileEncoding = 4; lastKnownFileType = text.plist.xml; path = "IQNetworking-Info.plist"; sourceTree = "<group>"; };
		FF2506D0168CEA0000667FD9 /* IQHTTPServerTests.m */ = {isa = PBXFileReference; fileEncoding = 4; lastKnownFileType = sourcecode.c.objc; path = IQHTTPServerTests.m; sourceTree = "<group>"; };
		FF2506DB168CF67700667FD9 /* SimpleWebServer */ = {isa = PBXFileReference; explicitFileType = "compiled.mach-o.executable"; includeInIndex = 0; path = SimpleWebServer; sourceTree = BUILT_PRODUCTS_DIR; };
		FF2506DD168CF67700667FD9 /* CoreFoundation.framework */ = {isa = PBXFileReference; lastKnownFileType = wrapper.framework; name = CoreFoundation.framework; path = System/Library/Frameworks/CoreFoundation.framework; sourceTree = SDKROOT; };
		FF2506E0168CF67700667FD9 /* main.m */ = {isa = PBXFileReference; lastKnownFileType = sourcecode.c.objc; path = main.m; sourceTree = "<group>"; };
		FF2506E8168DA3A600667FD9 /* IQMIMEType.h */ = {isa = PBXFileReference; fileEncoding = 4; lastKnownFileType = sourcecode.c.h; path = IQMIMEType.h; sourceTree = "<group>"; };
		FF2506E9168DA3A600667FD9 /* IQMIMEType.m */ = {isa = PBXFileReference; fileEncoding = 4; lastKnownFileType = sourcecode.c.objc; path = IQMIMEType.m; sourceTree = "<group>"; };
		FF2506EF168E417100667FD9 /* MobileCoreServices.framework */ = {isa = PBXFileReference; lastKnownFileType = wrapper.framework; name = MobileCoreServices.framework; path = System/Library/Frameworks/MobileCoreServices.framework; sourceTree = SDKROOT; };
		FF2506F1168E41C400667FD9 /* UIKit.framework */ = {isa = PBXFileReference; lastKnownFileType = wrapper.framework; name = UIKit.framework; path = System/Library/Frameworks/UIKit.framework; sourceTree = SDKROOT; };
		FF2506F3168E453200667FD9 /* CFNetwork.framework */ = {isa = PBXFileReference; lastKnownFileType = wrapper.framework; name = CFNetwork.framework; path = System/Library/Frameworks/CFNetwork.framework; sourceTree = SDKROOT; };
		FF2506F5168E459000667FD9 /* IQStreamingMediaCache.h */ = {isa = PBXFileReference; fileEncoding = 4; lastKnownFileType = sourcecode.c.h; path = IQStreamingMediaCache.h; sourceTree = "<group>"; };
		FF2506F6168E459000667FD9 /* IQStreamingMediaCache.m */ = {isa = PBXFileReference; fileEncoding = 4; lastKnownFileType = sourcecode.c.objc; path = IQStreamingMediaCache.m; sourceTree = "<group>"; };
		FF2508781693B8A800667FD9 /* IQTransferManagerTests.m */ = {isa = PBXFileReference; fileEncoding = 4; lastKnownFileType = sourcecode.c.objc; path = IQTransferManagerTests.m; sourceTree = "<group>"; };
		FF7FB6E116AE6098008B6C60 /* IQProgressAgregator.h */ = {isa = PBXFileReference; fileEncoding = 4; lastKnownFileType = sourcecode.c.h; path = IQProgressAgregator.h; sourceTree = "<group>"; };
		FF7FB6E216AE6098008B6C60 /* IQProgressAgregator.m */ = {isa = PBXFileReference; fileEncoding = 4; lastKnownFileType = sourcecode.c.objc; path = IQProgressAgregator.m; sourceTree = "<group>"; };
		FFB0285B1666D57400CED715 /* IQNetworking.framework */ = {isa = PBXFileReference; explicitFileType = wrapper.framework; includeInIndex = 0; path = IQNetworking.framework; sourceTree = BUILT_PRODUCTS_DIR; };
		FFB0285C1666D57400CED715 /* Cocoa.framework */ = {isa = PBXFileReference; lastKnownFileType = wrapper.framework; name = Cocoa.framework; path = Library/Frameworks/Cocoa.framework; sourceTree = DEVELOPER_DIR; };
		FFB0285F1666D57400CED715 /* AppKit.framework */ = {isa = PBXFileReference; lastKnownFileType = wrapper.framework; name = AppKit.framework; path = Library/Frameworks/AppKit.framework; sourceTree = SDKROOT; };
		FFB028601666D57400CED715 /* CoreData.framework */ = {isa = PBXFileReference; lastKnownFileType = wrapper.framework; name = CoreData.framework; path = Library/Frameworks/CoreData.framework; sourceTree = SDKROOT; };
		FFB028611666D57400CED715 /* Foundation.framework */ = {isa = PBXFileReference; lastKnownFileType = wrapper.framework; name = Foundation.framework; path = Library/Frameworks/Foundation.framework; sourceTree = SDKROOT; };
		FFB0286D1666D57400CED715 /* Tests - OSX.xctest */ = {isa = PBXFileReference; explicitFileType = wrapper.cfbundle; includeInIndex = 0; path = "Tests - OSX.xctest"; sourceTree = BUILT_PRODUCTS_DIR; };
		FFB028871666D76200CED715 /* CoreFoundation.framework */ = {isa = PBXFileReference; lastKnownFileType = wrapper.framework; name = CoreFoundation.framework; path = Platforms/MacOSX.platform/Developer/SDKs/MacOSX10.8.sdk/System/Library/Frameworks/CoreFoundation.framework; sourceTree = DEVELOPER_DIR; };
		FFB028891666D78400CED715 /* SystemConfiguration.framework */ = {isa = PBXFileReference; lastKnownFileType = wrapper.framework; name = SystemConfiguration.framework; path = Platforms/MacOSX.platform/Developer/SDKs/MacOSX10.8.sdk/System/Library/Frameworks/SystemConfiguration.framework; sourceTree = DEVELOPER_DIR; };
		FFB0288B1666D79400CED715 /* SystemConfiguration.framework */ = {isa = PBXFileReference; lastKnownFileType = wrapper.framework; name = SystemConfiguration.framework; path = ../../../../../../System/Library/Frameworks/SystemConfiguration.framework; sourceTree = "<group>"; };
		FFB188961B28347600A63B60 /* IQSerialization.xcodeproj */ = {isa = PBXFileReference; lastKnownFileType = "wrapper.pb-project"; name = IQSerialization.xcodeproj; path = IQSerialization.git/IQSerialization.xcodeproj; sourceTree = "<group>"; };
		FFB6E06D1665613100A8867C /* libIQNetworking.a */ = {isa = PBXFileReference; explicitFileType = archive.ar; includeInIndex = 0; path = libIQNetworking.a; sourceTree = BUILT_PRODUCTS_DIR; };
		FFB6E0701665613100A8867C /* Foundation.framework */ = {isa = PBXFileReference; lastKnownFileType = wrapper.framework; name = Foundation.framework; path = System/Library/Frameworks/Foundation.framework; sourceTree = SDKROOT; };
		FFB6E0751665613100A8867C /* IQNetworking.h */ = {isa = PBXFileReference; lastKnownFileType = sourcecode.c.h; path = IQNetworking.h; sourceTree = "<group>"; };
		FFB6E07E1665613200A8867C /* Tests - iOS.xctest */ = {isa = PBXFileReference; explicitFileType = wrapper.cfbundle; includeInIndex = 0; path = "Tests - iOS.xctest"; sourceTree = BUILT_PRODUCTS_DIR; };
		FFB6E07F1665613200A8867C /* SenTestingKit.framework */ = {isa = PBXFileReference; lastKnownFileType = wrapper.framework; name = SenTestingKit.framework; path = Library/Frameworks/SenTestingKit.framework; sourceTree = DEVELOPER_DIR; };
		FFB6E0811665613200A8867C /* UIKit.framework */ = {isa = PBXFileReference; lastKnownFileType = wrapper.framework; name = UIKit.framework; path = Library/Frameworks/UIKit.framework; sourceTree = DEVELOPER_DIR; };
		FFB6E0891665613200A8867C /* IQNetworkingTests-Info.plist */ = {isa = PBXFileReference; lastKnownFileType = text.plist.xml; path = "IQNetworkingTests-Info.plist"; sourceTree = "<group>"; };
		FFB6E08B1665613200A8867C /* en */ = {isa = PBXFileReference; lastKnownFileType = text.plist.strings; name = en; path = en.lproj/InfoPlist.strings; sourceTree = "<group>"; };
		FFB6E08E1665613200A8867C /* IQMIMETests.m */ = {isa = PBXFileReference; lastKnownFileType = sourcecode.c.objc; path = IQMIMETests.m; sourceTree = "<group>"; };
		FFB6E098166571CB00A8867C /* IQReachableStatus.h */ = {isa = PBXFileReference; fileEncoding = 4; lastKnownFileType = sourcecode.c.h; path = IQReachableStatus.h; sourceTree = "<group>"; };
		FFB6E099166571CB00A8867C /* IQReachableStatus.m */ = {isa = PBXFileReference; fileEncoding = 4; lastKnownFileType = sourcecode.c.objc; path = IQReachableStatus.m; sourceTree = "<group>"; };
		FFB6E0A51666123500A8867C /* IQNetworkSynchronizedFolder.h */ = {isa = PBXFileReference; fileEncoding = 4; lastKnownFileType = sourcecode.c.h; path = IQNetworkSynchronizedFolder.h; sourceTree = "<group>"; };
		FFB6E0A61666123500A8867C /* IQNetworkSynchronizedFolder.m */ = {isa = PBXFileReference; fileEncoding = 4; lastKnownFileType = sourcecode.c.objc; path = IQNetworkSynchronizedFolder.m; sourceTree = "<group>"; };
		FFB6E0AB16661A3900A8867C /* IQTransferManager.h */ = {isa = PBXFileReference; fileEncoding = 4; lastKnownFileType = sourcecode.c.h; path = IQTransferManager.h; sourceTree = "<group>"; };
		FFB6E0AC16661A3900A8867C /* IQTransferManager.m */ = {isa = PBXFileReference; fileEncoding = 4; lastKnownFileType = sourcecode.c.objc; path = IQTransferManager.m; sourceTree = "<group>"; };
/* End PBXFileReference section */

/* Begin PBXFrameworksBuildPhase section */
		FF2506D8168CF67700667FD9 /* Frameworks */ = {
			isa = PBXFrameworksBuildPhase;
			buildActionMask = 2147483647;
			files = (
				FF2506E7168CF69E00667FD9 /* IQNetworking.framework in Frameworks */,
				FF2506DE168CF67700667FD9 /* CoreFoundation.framework in Frameworks */,
			);
			runOnlyForDeploymentPostprocessing = 0;
		};
		FFB028581666D57400CED715 /* Frameworks */ = {
			isa = PBXFrameworksBuildPhase;
			buildActionMask = 2147483647;
			files = (
				FFB188D01B283BBE00A63B60 /* IQSerialization.framework in Frameworks */,
				FFB0288C1666D79400CED715 /* SystemConfiguration.framework in Frameworks */,
				FFB0285D1666D57400CED715 /* Cocoa.framework in Frameworks */,
			);
			runOnlyForDeploymentPostprocessing = 0;
		};
		FFB028691666D57400CED715 /* Frameworks */ = {
			isa = PBXFrameworksBuildPhase;
			buildActionMask = 2147483647;
			files = (
				FF24FDBA17F77A540006FC44 /* XCTest.framework in Frameworks */,
				FFB0288A1666D78400CED715 /* SystemConfiguration.framework in Frameworks */,
				FFB0286F1666D57400CED715 /* Cocoa.framework in Frameworks */,
				FFB028721666D57400CED715 /* IQNetworking.framework in Frameworks */,
			);
			runOnlyForDeploymentPostprocessing = 0;
		};
		FFB6E06A1665613100A8867C /* Frameworks */ = {
			isa = PBXFrameworksBuildPhase;
			buildActionMask = 2147483647;
			files = (
				FFB188AD1B28358D00A63B60 /* libIQSerialization.a in Frameworks */,
				FFB6E0711665613100A8867C /* Foundation.framework in Frameworks */,
			);
			runOnlyForDeploymentPostprocessing = 0;
		};
		FFB6E07A1665613200A8867C /* Frameworks */ = {
			isa = PBXFrameworksBuildPhase;
			buildActionMask = 2147483647;
			files = (
				FFFE9B1C184BEE2E007BACB7 /* XCTest.framework in Frameworks */,
				FF24FDB517F775D10006FC44 /* SystemConfiguration.framework in Frameworks */,
				FF2506F4168E453200667FD9 /* CFNetwork.framework in Frameworks */,
				FF2506F2168E41C400667FD9 /* UIKit.framework in Frameworks */,
				FF2506F0168E417100667FD9 /* MobileCoreServices.framework in Frameworks */,
				FFB6E0831665613200A8867C /* Foundation.framework in Frameworks */,
				FFB6E0861665613200A8867C /* libIQNetworking.a in Frameworks */,
			);
			runOnlyForDeploymentPostprocessing = 0;
		};
/* End PBXFrameworksBuildPhase section */

/* Begin PBXGroup section */
		FF2506DF168CF67700667FD9 /* SimpleWebServer */ = {
			isa = PBXGroup;
			children = (
				FF2506E0168CF67700667FD9 /* main.m */,
			);
			path = SimpleWebServer;
			sourceTree = "<group>";
		};
		FFB0285E1666D57400CED715 /* Other Frameworks */ = {
			isa = PBXGroup;
			children = (
				FFB0285F1666D57400CED715 /* AppKit.framework */,
				FFB028601666D57400CED715 /* CoreData.framework */,
				FFB028611666D57400CED715 /* Foundation.framework */,
			);
			name = "Other Frameworks";
			sourceTree = "<group>";
		};
		FFB188971B28347600A63B60 /* Products */ = {
			isa = PBXGroup;
			children = (
				FFB1889F1B28347700A63B60 /* libIQSerialization.a */,
				FFB188A31B28347700A63B60 /* IQSerialization.framework */,
				FFB188A51B28347700A63B60 /* Tests_OSX.xctest */,
				FFB188A11B28347700A63B60 /* Tests - iOS.xctest */,
			);
			name = Products;
			sourceTree = "<group>";
		};
		FFB6E0621665613100A8867C = {
			isa = PBXGroup;
			children = (
				FFB188961B28347600A63B60 /* IQSerialization.xcodeproj */,
				FF2506F3168E453200667FD9 /* CFNetwork.framework */,
				FF2506F1168E41C400667FD9 /* UIKit.framework */,
				FF2506EF168E417100667FD9 /* MobileCoreServices.framework */,
				FFB0288B1666D79400CED715 /* SystemConfiguration.framework */,
				FFB028891666D78400CED715 /* SystemConfiguration.framework */,
				FFB028871666D76200CED715 /* CoreFoundation.framework */,
				FFB6E0721665613100A8867C /* IQNetworking */,
				FFB6E0871665613200A8867C /* IQNetworkingTests */,
				FF2506DF168CF67700667FD9 /* SimpleWebServer */,
				FFB6E06F1665613100A8867C /* Frameworks */,
				FFB6E06E1665613100A8867C /* Products */,
			);
			sourceTree = "<group>";
		};
		FFB6E06E1665613100A8867C /* Products */ = {
			isa = PBXGroup;
			children = (
				FFB6E06D1665613100A8867C /* libIQNetworking.a */,
				FFB6E07E1665613200A8867C /* Tests - iOS.xctest */,
				FFB0285B1666D57400CED715 /* IQNetworking.framework */,
				FFB0286D1666D57400CED715 /* Tests - OSX.xctest */,
				FF2506DB168CF67700667FD9 /* SimpleWebServer */,
			);
			name = Products;
			sourceTree = "<group>";
		};
		FFB6E06F1665613100A8867C /* Frameworks */ = {
			isa = PBXGroup;
			children = (
				FF24FDB917F77A540006FC44 /* XCTest.framework */,
				FF24FDB417F775D10006FC44 /* SystemConfiguration.framework */,
				FFB6E0701665613100A8867C /* Foundation.framework */,
				FFB6E07F1665613200A8867C /* SenTestingKit.framework */,
				FFB6E0811665613200A8867C /* UIKit.framework */,
				FFB0285C1666D57400CED715 /* Cocoa.framework */,
				FF2506DD168CF67700667FD9 /* CoreFoundation.framework */,
				FFB0285E1666D57400CED715 /* Other Frameworks */,
			);
			name = Frameworks;
			sourceTree = "<group>";
		};
		FFB6E0721665613100A8867C /* IQNetworking */ = {
			isa = PBXGroup;
			children = (
				FFB6E0751665613100A8867C /* IQNetworking.h */,
				FFB6E0AB16661A3900A8867C /* IQTransferManager.h */,
				FFB6E0AC16661A3900A8867C /* IQTransferManager.m */,
				FFB6E0A51666123500A8867C /* IQNetworkSynchronizedFolder.h */,
				FFB6E0A61666123500A8867C /* IQNetworkSynchronizedFolder.m */,
				FFB6E098166571CB00A8867C /* IQReachableStatus.h */,
				FFB6E099166571CB00A8867C /* IQReachableStatus.m */,
				FF25064A168CD6E300667FD9 /* IQHTTPServer.h */,
				FF25064B168CD6E300667FD9 /* IQHTTPServer.m */,
				FF2506E8168DA3A600667FD9 /* IQMIMEType.h */,
				FF2506E9168DA3A600667FD9 /* IQMIMEType.m */,
				FF7FB6E116AE6098008B6C60 /* IQProgressAgregator.h */,
				FF7FB6E216AE6098008B6C60 /* IQProgressAgregator.m */,
				FF2506F5168E459000667FD9 /* IQStreamingMediaCache.h */,
				FF2506F6168E459000667FD9 /* IQStreamingMediaCache.m */,
				FFB6E0731665613100A8867C /* Supporting Files */,
			);
			path = IQNetworking;
			sourceTree = "<group>";
		};
		FFB6E0731665613100A8867C /* Supporting Files */ = {
			isa = PBXGroup;
			children = (
				FF2506C6168CDE2200667FD9 /* IQNetworking-Info.plist */,
			);
			name = "Supporting Files";
			sourceTree = "<group>";
		};
		FFB6E0871665613200A8867C /* IQNetworkingTests */ = {
			isa = PBXGroup;
			children = (
				FFB6E08E1665613200A8867C /* IQMIMETests.m */,
				FF2506D0168CEA0000667FD9 /* IQHTTPServerTests.m */,
				FF2508781693B8A800667FD9 /* IQTransferManagerTests.m */,
				FF24FDB717F779B40006FC44 /* IQNetworkSynchronizedFolderTest.m */,
				FFB6E0881665613200A8867C /* Supporting Files */,
			);
			path = IQNetworkingTests;
			sourceTree = "<group>";
		};
		FFB6E0881665613200A8867C /* Supporting Files */ = {
			isa = PBXGroup;
			children = (
				FFB6E0891665613200A8867C /* IQNetworkingTests-Info.plist */,
				FFB6E08A1665613200A8867C /* InfoPlist.strings */,
			);
			name = "Supporting Files";
			sourceTree = "<group>";
		};
/* End PBXGroup section */

/* Begin PBXHeadersBuildPhase section */
		FF2506B9168CDC9E00667FD9 /* Headers */ = {
			isa = PBXHeadersBuildPhase;
			buildActionMask = 2147483647;
			files = (
				FF2506C1168CDCC400667FD9 /* IQNetworking.h in Headers */,
				FF2506C2168CDCC600667FD9 /* IQTransferManager.h in Headers */,
				FF2506C3168CDCC900667FD9 /* IQNetworkSynchronizedFolder.h in Headers */,
				FF2506C4168CDCCB00667FD9 /* IQReachableStatus.h in Headers */,
				FF2506C5168CDCCE00667FD9 /* IQHTTPServer.h in Headers */,
				FF2506EA168DA3A600667FD9 /* IQMIMEType.h in Headers */,
				FF2506F7168E459000667FD9 /* IQStreamingMediaCache.h in Headers */,
				FF7FB6E316AE6098008B6C60 /* IQProgressAgregator.h in Headers */,
			);
			runOnlyForDeploymentPostprocessing = 0;
		};
		FFB028591666D57400CED715 /* Headers */ = {
			isa = PBXHeadersBuildPhase;
			buildActionMask = 2147483647;
			files = (
				FF25064C168CD6E300667FD9 /* IQHTTPServer.h in Headers */,
				FF2506CB168CE94A00667FD9 /* IQNetworking.h in Headers */,
				FF2506CC168CE95800667FD9 /* IQReachableStatus.h in Headers */,
				FF2506CD168CE95E00667FD9 /* IQNetworkSynchronizedFolder.h in Headers */,
				FF2506CE168CE96200667FD9 /* IQTransferManager.h in Headers */,
				FF2506EB168DA3A600667FD9 /* IQMIMEType.h in Headers */,
				FF2506F8168E459000667FD9 /* IQStreamingMediaCache.h in Headers */,
				FFBAC78516E5639800D69BCF /* IQProgressAgregator.h in Headers */,
			);
			runOnlyForDeploymentPostprocessing = 0;
		};
/* End PBXHeadersBuildPhase section */

/* Begin PBXNativeTarget section */
		FF2506DA168CF67700667FD9 /* SimpleWebServer */ = {
			isa = PBXNativeTarget;
			buildConfigurationList = FF2506E4168CF67700667FD9 /* Build configuration list for PBXNativeTarget "SimpleWebServer" */;
			buildPhases = (
				FF2506D7168CF67700667FD9 /* Sources */,
				FF2506D8168CF67700667FD9 /* Frameworks */,
				FF2506D9168CF67700667FD9 /* CopyFiles */,
			);
			buildRules = (
			);
			dependencies = (
			);
			name = SimpleWebServer;
			productName = SimpleWebServer;
			productReference = FF2506DB168CF67700667FD9 /* SimpleWebServer */;
			productType = "com.apple.product-type.tool";
		};
		FFB0285A1666D57400CED715 /* IQNetworking - OSX */ = {
			isa = PBXNativeTarget;
			buildConfigurationList = FFB0287C1666D57400CED715 /* Build configuration list for PBXNativeTarget "IQNetworking - OSX" */;
			buildPhases = (
				FFB028571666D57400CED715 /* Sources */,
				FFB028581666D57400CED715 /* Frameworks */,
				FFB028591666D57400CED715 /* Headers */,
			);
			buildRules = (
			);
			dependencies = (
				FFB188CD1B283B8100A63B60 /* PBXTargetDependency */,
			);
			name = "IQNetworking - OSX";
			productName = "IQNetworking - OSX";
			productReference = FFB0285B1666D57400CED715 /* IQNetworking.framework */;
			productType = "com.apple.product-type.framework";
		};
		FFB0286C1666D57400CED715 /* Tests - OSX */ = {
			isa = PBXNativeTarget;
			buildConfigurationList = FFB0287F1666D57400CED715 /* Build configuration list for PBXNativeTarget "Tests - OSX" */;
			buildPhases = (
				FFB028681666D57400CED715 /* Sources */,
				FFB028691666D57400CED715 /* Frameworks */,
				FFB0286A1666D57400CED715 /* Resources */,
				FFB0286B1666D57400CED715 /* ShellScript */,
			);
			buildRules = (
			);
			dependencies = (
				FFB028711666D57400CED715 /* PBXTargetDependency */,
			);
			name = "Tests - OSX";
			productName = "IQNetworking - OSXTests";
			productReference = FFB0286D1666D57400CED715 /* Tests - OSX.xctest */;
			productType = "com.apple.product-type.bundle.unit-test";
		};
		FFB6E06C1665613100A8867C /* IQNetworking - iOS */ = {
			isa = PBXNativeTarget;
			buildConfigurationList = FFB6E0921665613200A8867C /* Build configuration list for PBXNativeTarget "IQNetworking - iOS" */;
			buildPhases = (
				FFB6E0691665613100A8867C /* Sources */,
				FFB6E06A1665613100A8867C /* Frameworks */,
				FF2506B9168CDC9E00667FD9 /* Headers */,
			);
			buildRules = (
			);
			dependencies = (
				FFB188AF1B28359500A63B60 /* PBXTargetDependency */,
			);
			name = "IQNetworking - iOS";
			productName = IQNetworking;
			productReference = FFB6E06D1665613100A8867C /* libIQNetworking.a */;
			productType = "com.apple.product-type.library.static";
		};
		FFB6E07D1665613200A8867C /* Tests - iOS */ = {
			isa = PBXNativeTarget;
			buildConfigurationList = FFB6E0951665613200A8867C /* Build configuration list for PBXNativeTarget "Tests - iOS" */;
			buildPhases = (
				FFB6E0791665613200A8867C /* Sources */,
				FFB6E07A1665613200A8867C /* Frameworks */,
				FFB6E07B1665613200A8867C /* Resources */,
				FFB6E07C1665613200A8867C /* ShellScript */,
			);
			buildRules = (
			);
			dependencies = (
				FFB6E0851665613200A8867C /* PBXTargetDependency */,
			);
			name = "Tests - iOS";
			productName = IQNetworkingTests;
			productReference = FFB6E07E1665613200A8867C /* Tests - iOS.xctest */;
			productType = "com.apple.product-type.bundle.unit-test";
		};
/* End PBXNativeTarget section */

/* Begin PBXProject section */
		FFB6E0641665613100A8867C /* Project object */ = {
			isa = PBXProject;
			attributes = {
				LastUpgradeCheck = 0630;
				ORGANIZATIONNAME = EvolvIQ;
			};
			buildConfigurationList = FFB6E0671665613100A8867C /* Build configuration list for PBXProject "IQNetworking" */;
			compatibilityVersion = "Xcode 3.2";
			developmentRegion = English;
			hasScannedForEncodings = 0;
			knownRegions = (
				en,
			);
			mainGroup = FFB6E0621665613100A8867C;
			productRefGroup = FFB6E06E1665613100A8867C /* Products */;
			projectDirPath = "";
			projectReferences = (
				{
					ProductGroup = FFB188971B28347600A63B60 /* Products */;
					ProjectRef = FFB188961B28347600A63B60 /* IQSerialization.xcodeproj */;
				},
			);
			projectRoot = "";
			targets = (
				FFB6E06C1665613100A8867C /* IQNetworking - iOS */,
				FF2506B4168CDBF500667FD9 /* IQNetworking - Universal */,
				FFB6E07D1665613200A8867C /* Tests - iOS */,
				FFB0285A1666D57400CED715 /* IQNetworking - OSX */,
				FFB0286C1666D57400CED715 /* Tests - OSX */,
				FF2506DA168CF67700667FD9 /* SimpleWebServer */,
			);
		};
/* End PBXProject section */

/* Begin PBXReferenceProxy section */
		FFB1889F1B28347700A63B60 /* libIQSerialization.a */ = {
			isa = PBXReferenceProxy;
			fileType = archive.ar;
			path = libIQSerialization.a;
			remoteRef = FFB1889E1B28347700A63B60 /* PBXContainerItemProxy */;
			sourceTree = BUILT_PRODUCTS_DIR;
		};
		FFB188A11B28347700A63B60 /* Tests - iOS.xctest */ = {
			isa = PBXReferenceProxy;
			fileType = wrapper.cfbundle;
			path = "Tests - iOS.xctest";
			remoteRef = FFB188A01B28347700A63B60 /* PBXContainerItemProxy */;
			sourceTree = BUILT_PRODUCTS_DIR;
		};
		FFB188A31B28347700A63B60 /* IQSerialization.framework */ = {
			isa = PBXReferenceProxy;
			fileType = wrapper.framework;
			path = IQSerialization.framework;
			remoteRef = FFB188A21B28347700A63B60 /* PBXContainerItemProxy */;
			sourceTree = BUILT_PRODUCTS_DIR;
		};
		FFB188A51B28347700A63B60 /* Tests_OSX.xctest */ = {
			isa = PBXReferenceProxy;
			fileType = wrapper.cfbundle;
			path = Tests_OSX.xctest;
			remoteRef = FFB188A41B28347700A63B60 /* PBXContainerItemProxy */;
			sourceTree = BUILT_PRODUCTS_DIR;
		};
/* End PBXReferenceProxy section */

/* Begin PBXResourcesBuildPhase section */
		FFB0286A1666D57400CED715 /* Resources */ = {
			isa = PBXResourcesBuildPhase;
			buildActionMask = 2147483647;
			files = (
			);
			runOnlyForDeploymentPostprocessing = 0;
		};
		FFB6E07B1665613200A8867C /* Resources */ = {
			isa = PBXResourcesBuildPhase;
			buildActionMask = 2147483647;
			files = (
				FFB6E08C1665613200A8867C /* InfoPlist.strings in Resources */,
			);
			runOnlyForDeploymentPostprocessing = 0;
		};
/* End PBXResourcesBuildPhase section */

/* Begin PBXShellScriptBuildPhase section */
		FF2506B8168CDC2300667FD9 /* ShellScript */ = {
			isa = PBXShellScriptBuildPhase;
			buildActionMask = 2147483647;
			files = (
			);
			inputPaths = (
			);
			outputPaths = (
				"$(BUILD_ROOT)/$(CONFIGURATION)-universal/IQNetworking.framework",
			);
			runOnlyForDeploymentPostprocessing = 0;
			shellPath = /bin/sh;
			shellScript = "# Sets the target folders and the final framework product.\nFMK_NAME=IQNetworking\nTARGET_NAME=\"IQNetworking - iOS\"\n\n# Install dir will be the final output to the framework.\n# The following line create it in the root folder of the current project.\n_TARGET_DIR=${BUILD_ROOT}/${CONFIGURATION}-universal\n_TARGET_DIR=${BUILT_PRODUCTS_DIR}\nINSTALL_DIR=${_TARGET_DIR}/${FMK_NAME}.framework\n\n# Working dir will be deleted after the framework creation.\nDEVICE_DIR=${CONFIGURATION_BUILD_DIR}/iphoneos\nSIMULATOR_DIR=${CONFIGURATION_BUILD_DIR}/iphonesimulator\nLIBRARY_NAME=lib${FMK_NAME}.a\n\n# Building both architectures.\nxcodebuild -configuration \"${CONFIGURATION}\" -target \"${TARGET_NAME}\" -sdk iphoneos CONFIGURATION_BUILD_DIR=${DEVICE_DIR}\nxcodebuild -configuration \"${CONFIGURATION}\" -target \"${TARGET_NAME}\" -sdk iphonesimulator CONFIGURATION_BUILD_DIR=${SIMULATOR_DIR}\n\n# Cleaning the oldest.\nif [ -d \"${INSTALL_DIR}\" ]; then\nrm -rf \"${INSTALL_DIR}\"\nfi\n\n# Creates and renews the final product folder.\nmkdir -p \"${INSTALL_DIR}\"\nmkdir -p \"${INSTALL_DIR}/Versions\"\nmkdir -p \"${INSTALL_DIR}/Versions/${FRAMEWORK_VERSION}\"\nmkdir -p \"${INSTALL_DIR}/Versions/${FRAMEWORK_VERSION}/Resources\"\nmkdir -p \"${INSTALL_DIR}/Versions/${FRAMEWORK_VERSION}/Headers\"\n\n# Creates the internal links.\n# It MUST uses relative path, otherwise will not work when the folder is copied/moved.\nln -s \"${FRAMEWORK_VERSION}\" \"${INSTALL_DIR}/Versions/Current\"\nln -s \"Versions/Current/Headers\" \"${INSTALL_DIR}/Headers\"\nln -s \"Versions/Current/Resources\" \"${INSTALL_DIR}/Resources\"\nln -s \"Versions/Current/${FMK_NAME}\" \"${INSTALL_DIR}/${FMK_NAME}\"\n\n# Copies the headers and resources files to the final product folder.\ncp -R \"${DEVICE_DIR}/usr/local/include/\" \"${INSTALL_DIR}/Versions/${FRAMEWORK_VERSION}/Headers\"\n#cp -R \"${DEVICE_DIR}/\" \"${INSTALL_DIR}/Versions/${FRAMEWORK_VERSION}/Resources/\"\n\n# Removes the binary and header from the resources folder.\n#rm -r \"${INSTALL_DIR}/Versions/${FRAMEWORK_VERSION}/Resources/Headers\" \"${INSTALL_DIR}/Versions/${FRAMEWORK_VERSION}/Resources/${FMK_NAME}\"\n\n# Uses the Lipo Tool to merge both binary files (i386 + armv6/armv7) into one Universal final product.\nlipo -create \"${DEVICE_DIR}/${LIBRARY_NAME}\" \"${SIMULATOR_DIR}/${LIBRARY_NAME}\" -output \"${INSTALL_DIR}/Versions/${FRAMEWORK_VERSION}/${FMK_NAME}\"\n";
		};
		FFB0286B1666D57400CED715 /* ShellScript */ = {
			isa = PBXShellScriptBuildPhase;
			buildActionMask = 2147483647;
			files = (
			);
			inputPaths = (
			);
			outputPaths = (
			);
			runOnlyForDeploymentPostprocessing = 0;
			shellPath = /bin/sh;
			shellScript = "# Run the unit tests in this test bundle.\n\"${SYSTEM_DEVELOPER_DIR}/Tools/RunUnitTests\"\n";
		};
		FFB6E07C1665613200A8867C /* ShellScript */ = {
			isa = PBXShellScriptBuildPhase;
			buildActionMask = 2147483647;
			files = (
			);
			inputPaths = (
			);
			outputPaths = (
			);
			runOnlyForDeploymentPostprocessing = 0;
			shellPath = /bin/sh;
			shellScript = "# Run the unit tests in this test bundle.\n\"${SYSTEM_DEVELOPER_DIR}/Tools/RunUnitTests\"\n";
		};
/* End PBXShellScriptBuildPhase section */

/* Begin PBXSourcesBuildPhase section */
		FF2506D7168CF67700667FD9 /* Sources */ = {
			isa = PBXSourcesBuildPhase;
			buildActionMask = 2147483647;
			files = (
				FF2506E1168CF67700667FD9 /* main.m in Sources */,
			);
			runOnlyForDeploymentPostprocessing = 0;
		};
		FFB028571666D57400CED715 /* Sources */ = {
			isa = PBXSourcesBuildPhase;
			buildActionMask = 2147483647;
			files = (
				FFB028831666D6F600CED715 /* IQTransferManager.m in Sources */,
				FF24FDB617F776A70006FC44 /* IQProgressAgregator.m in Sources */,
				FFB028841666D6F800CED715 /* IQNetworkSynchronizedFolder.m in Sources */,
				FFB028851666D6FA00CED715 /* IQReachableStatus.m in Sources */,
				FF25064E168CD6E300667FD9 /* IQHTTPServer.m in Sources */,
				FF2506ED168DA3A600667FD9 /* IQMIMEType.m in Sources */,
				FF2506FA168E459000667FD9 /* IQStreamingMediaCache.m in Sources */,
			);
			runOnlyForDeploymentPostprocessing = 0;
		};
		FFB028681666D57400CED715 /* Sources */ = {
			isa = PBXSourcesBuildPhase;
			buildActionMask = 2147483647;
			files = (
				FF24FDBC17F77B670006FC44 /* IQNetworkSynchronizedFolderTest.m in Sources */,
				FFB028861666D6FF00CED715 /* IQMIMETests.m in Sources */,
				FF2506D5168CEAF000667FD9 /* IQHTTPServerTests.m in Sources */,
				FF25087A1693B8A800667FD9 /* IQTransferManagerTests.m in Sources */,
			);
			runOnlyForDeploymentPostprocessing = 0;
		};
		FFB6E0691665613100A8867C /* Sources */ = {
			isa = PBXSourcesBuildPhase;
			buildActionMask = 2147483647;
			files = (
				FFB6E09A166571CB00A8867C /* IQReachableStatus.m in Sources */,
				FFB6E0A71666123500A8867C /* IQNetworkSynchronizedFolder.m in Sources */,
				FFB6E0AD16661A3900A8867C /* IQTransferManager.m in Sources */,
				FF25064D168CD6E300667FD9 /* IQHTTPServer.m in Sources */,
				FF2506EC168DA3A600667FD9 /* IQMIMEType.m in Sources */,
				FF2506F9168E459000667FD9 /* IQStreamingMediaCache.m in Sources */,
				FF7FB6E416AE6098008B6C60 /* IQProgressAgregator.m in Sources */,
			);
			runOnlyForDeploymentPostprocessing = 0;
		};
		FFB6E0791665613200A8867C /* Sources */ = {
			isa = PBXSourcesBuildPhase;
			buildActionMask = 2147483647;
			files = (
				FF24FDB817F779B40006FC44 /* IQNetworkSynchronizedFolderTest.m in Sources */,
				FFB6E08F1665613200A8867C /* IQMIMETests.m in Sources */,
				FF2506D6168CEAF200667FD9 /* IQHTTPServerTests.m in Sources */,
				FF2508791693B8A800667FD9 /* IQTransferManagerTests.m in Sources */,
			);
			runOnlyForDeploymentPostprocessing = 0;
		};
/* End PBXSourcesBuildPhase section */

/* Begin PBXTargetDependency section */
		FFB028711666D57400CED715 /* PBXTargetDependency */ = {
			isa = PBXTargetDependency;
			target = FFB0285A1666D57400CED715 /* IQNetworking - OSX */;
			targetProxy = FFB028701666D57400CED715 /* PBXContainerItemProxy */;
		};
		FFB188AF1B28359500A63B60 /* PBXTargetDependency */ = {
			isa = PBXTargetDependency;
			name = "IQSerialization - iOS";
			targetProxy = FFB188AE1B28359500A63B60 /* PBXContainerItemProxy */;
		};
		FFB188CD1B283B8100A63B60 /* PBXTargetDependency */ = {
			isa = PBXTargetDependency;
			name = "IQSerialization - OSX";
			targetProxy = FFB188CC1B283B8100A63B60 /* PBXContainerItemProxy */;
		};
		FFB6E0851665613200A8867C /* PBXTargetDependency */ = {
			isa = PBXTargetDependency;
			target = FFB6E06C1665613100A8867C /* IQNetworking - iOS */;
			targetProxy = FFB6E0841665613200A8867C /* PBXContainerItemProxy */;
		};
/* End PBXTargetDependency section */

/* Begin PBXVariantGroup section */
		FFB6E08A1665613200A8867C /* InfoPlist.strings */ = {
			isa = PBXVariantGroup;
			children = (
				FFB6E08B1665613200A8867C /* en */,
			);
			name = InfoPlist.strings;
			sourceTree = "<group>";
		};
/* End PBXVariantGroup section */

/* Begin XCBuildConfiguration section */
		FF2506B6168CDBF500667FD9 /* Debug */ = {
			isa = XCBuildConfiguration;
			buildSettings = {
				PRODUCT_NAME = IQNetworking;
			};
			name = Debug;
		};
		FF2506B7168CDBF500667FD9 /* Release */ = {
			isa = XCBuildConfiguration;
			buildSettings = {
				PRODUCT_NAME = IQNetworking;
			};
			name = Release;
		};
		FF2506E5168CF67700667FD9 /* Debug */ = {
			isa = XCBuildConfiguration;
			buildSettings = {
				GCC_ENABLE_OBJC_EXCEPTIONS = YES;
				GCC_WARN_64_TO_32_BIT_CONVERSION = YES;
				MACOSX_DEPLOYMENT_TARGET = 10.8;
				PRODUCT_NAME = "$(TARGET_NAME)";
				SDKROOT = macosx;
			};
			name = Debug;
		};
		FF2506E6168CF67700667FD9 /* Release */ = {
			isa = XCBuildConfiguration;
			buildSettings = {
				DEBUG_INFORMATION_FORMAT = "dwarf-with-dsym";
				GCC_ENABLE_OBJC_EXCEPTIONS = YES;
				GCC_WARN_64_TO_32_BIT_CONVERSION = YES;
				MACOSX_DEPLOYMENT_TARGET = 10.8;
				PRODUCT_NAME = "$(TARGET_NAME)";
				SDKROOT = macosx;
			};
			name = Release;
		};
		FFB0287D1666D57400CED715 /* Debug */ = {
			isa = XCBuildConfiguration;
			buildSettings = {
				COMBINE_HIDPI_IMAGES = YES;
				DYLIB_COMPATIBILITY_VERSION = 1;
				DYLIB_CURRENT_VERSION = 1;
				FRAMEWORK_SEARCH_PATHS = (
					"$(inherited)",
					"\"$(SYSTEM_APPS_DIR)/Xcode.app/Contents/Developer/Library/Frameworks\"",
				);
				GCC_ENABLE_OBJC_EXCEPTIONS = YES;
				GCC_WARN_64_TO_32_BIT_CONVERSION = YES;
				OTHER_LDFLAGS = "-ObjC";
				PRODUCT_NAME = IQNetworking;
				SDKROOT = "";
			};
			name = Debug;
		};
		FFB0287E1666D57400CED715 /* Release */ = {
			isa = XCBuildConfiguration;
			buildSettings = {
				COMBINE_HIDPI_IMAGES = YES;
				DYLIB_COMPATIBILITY_VERSION = 1;
				DYLIB_CURRENT_VERSION = 1;
				FRAMEWORK_SEARCH_PATHS = (
					"$(inherited)",
					"\"$(SYSTEM_APPS_DIR)/Xcode.app/Contents/Developer/Library/Frameworks\"",
				);
				GCC_ENABLE_OBJC_EXCEPTIONS = YES;
				GCC_WARN_64_TO_32_BIT_CONVERSION = YES;
				OTHER_LDFLAGS = "-ObjC";
				PRODUCT_NAME = IQNetworking;
				SDKROOT = "";
			};
			name = Release;
		};
		FFB028801666D57400CED715 /* Debug */ = {
			isa = XCBuildConfiguration;
			buildSettings = {
				COMBINE_HIDPI_IMAGES = YES;
				FRAMEWORK_SEARCH_PATHS = (
					"\\\"$(DEVELOPER_LIBRARY_DIR)/Frameworks\\\"",
					"$(DEVELOPER_FRAMEWORKS_DIR)",
				);
				GCC_ENABLE_OBJC_EXCEPTIONS = YES;
				GCC_WARN_64_TO_32_BIT_CONVERSION = YES;
				INFOPLIST_FILE = "IQNetworkingTests/IQNetworkingTests-Info.plist";
				MACOSX_DEPLOYMENT_TARGET = 10.8;
				PRODUCT_NAME = "$(TARGET_NAME)";
				SDKROOT = macosx;
				WRAPPER_EXTENSION = xctest;
			};
			name = Debug;
		};
		FFB028811666D57400CED715 /* Release */ = {
			isa = XCBuildConfiguration;
			buildSettings = {
				COMBINE_HIDPI_IMAGES = YES;
				DEBUG_INFORMATION_FORMAT = "dwarf-with-dsym";
				FRAMEWORK_SEARCH_PATHS = (
					"\\\"$(DEVELOPER_LIBRARY_DIR)/Frameworks\\\"",
					"$(DEVELOPER_FRAMEWORKS_DIR)",
				);
				GCC_ENABLE_OBJC_EXCEPTIONS = YES;
				GCC_WARN_64_TO_32_BIT_CONVERSION = YES;
				INFOPLIST_FILE = "IQNetworkingTests/IQNetworkingTests-Info.plist";
				MACOSX_DEPLOYMENT_TARGET = 10.8;
				PRODUCT_NAME = "$(TARGET_NAME)";
				SDKROOT = macosx;
				WRAPPER_EXTENSION = xctest;
			};
			name = Release;
		};
		FFB6E0901665613200A8867C /* Debug */ = {
			isa = XCBuildConfiguration;
			buildSettings = {
				ALWAYS_SEARCH_USER_PATHS = NO;
				CLANG_CXX_LANGUAGE_STANDARD = "gnu++0x";
				CLANG_CXX_LIBRARY = "libc++";
				CLANG_ENABLE_OBJC_ARC = YES;
				CLANG_WARN_EMPTY_BODY = YES;
				CLANG_WARN__DUPLICATE_METHOD_MATCH = YES;
				COPY_PHASE_STRIP = NO;
				GCC_C_LANGUAGE_STANDARD = gnu99;
				GCC_DYNAMIC_NO_PIC = NO;
				GCC_OPTIMIZATION_LEVEL = 0;
				GCC_PREPROCESSOR_DEFINITIONS = (
					"DEBUG=1",
					"$(inherited)",
				);
				GCC_SYMBOLS_PRIVATE_EXTERN = NO;
				GCC_WARN_ABOUT_RETURN_TYPE = YES;
				GCC_WARN_UNINITIALIZED_AUTOS = YES;
				GCC_WARN_UNUSED_VARIABLE = YES;
				IPHONEOS_DEPLOYMENT_TARGET = 5.1.1;
				MACOSX_DEPLOYMENT_TARGET = 10.7;
				ONLY_ACTIVE_ARCH = YES;
				SDKROOT = iphoneos;
			};
			name = Debug;
		};
		FFB6E0911665613200A8867C /* Release */ = {
			isa = XCBuildConfiguration;
			buildSettings = {
				ALWAYS_SEARCH_USER_PATHS = NO;
				CLANG_CXX_LANGUAGE_STANDARD = "gnu++0x";
				CLANG_CXX_LIBRARY = "libc++";
				CLANG_ENABLE_OBJC_ARC = YES;
				CLANG_WARN_EMPTY_BODY = YES;
				CLANG_WARN__DUPLICATE_METHOD_MATCH = YES;
				COPY_PHASE_STRIP = YES;
				GCC_C_LANGUAGE_STANDARD = gnu99;
				GCC_WARN_ABOUT_RETURN_TYPE = YES;
				GCC_WARN_UNINITIALIZED_AUTOS = YES;
				GCC_WARN_UNUSED_VARIABLE = YES;
				IPHONEOS_DEPLOYMENT_TARGET = 5.1.1;
				MACOSX_DEPLOYMENT_TARGET = 10.7;
				SDKROOT = iphoneos;
				VALIDATE_PRODUCT = YES;
			};
			name = Release;
		};
		FFB6E0931665613200A8867C /* Debug */ = {
			isa = XCBuildConfiguration;
			buildSettings = {
				DSTROOT = /tmp/IQNetworking.dst;
				DYLIB_COMPATIBILITY_VERSION = 1;
				DYLIB_CURRENT_VERSION = 1;
				INFOPLIST_FILE = "IQNetworking/IQNetworking-Info.plist";
				OTHER_LDFLAGS = "-ObjC";
				PRODUCT_NAME = IQNetworking;
				SKIP_INSTALL = NO;
			};
			name = Debug;
		};
		FFB6E0941665613200A8867C /* Release */ = {
			isa = XCBuildConfiguration;
			buildSettings = {
				DSTROOT = /tmp/IQNetworking.dst;
				DYLIB_COMPATIBILITY_VERSION = 1;
				DYLIB_CURRENT_VERSION = 1;
				INFOPLIST_FILE = "IQNetworking/IQNetworking-Info.plist";
				OTHER_LDFLAGS = "-ObjC";
				PRODUCT_NAME = IQNetworking;
				SKIP_INSTALL = NO;
			};
			name = Release;
		};
		FFB6E0961665613200A8867C /* Debug */ = {
			isa = XCBuildConfiguration;
			buildSettings = {
				FRAMEWORK_SEARCH_PATHS = (
					"$(SDKROOT)/Developer/Library/Frameworks",
					"$(inherited)",
					"$(DEVELOPER_FRAMEWORKS_DIR)",
				);
				INFOPLIST_FILE = "IQNetworkingTests/IQNetworkingTests-Info.plist";
				PRODUCT_NAME = "$(TARGET_NAME)";
				WRAPPER_EXTENSION = xctest;
			};
			name = Debug;
		};
		FFB6E0971665613200A8867C /* Release */ = {
			isa = XCBuildConfiguration;
			buildSettings = {
				FRAMEWORK_SEARCH_PATHS = (
					"$(SDKROOT)/Developer/Library/Frameworks",
					"$(inherited)",
					"$(DEVELOPER_FRAMEWORKS_DIR)",
				);
				INFOPLIST_FILE = "IQNetworkingTests/IQNetworkingTests-Info.plist";
				PRODUCT_NAME = "$(TARGET_NAME)";
				WRAPPER_EXTENSION = xctest;
			};
			name = Release;
		};
/* End XCBuildConfiguration section */

/* Begin XCConfigurationList section */
		FF2506B5168CDBF500667FD9 /* Build configuration list for PBXAggregateTarget "IQNetworking - Universal" */ = {
			isa = XCConfigurationList;
			buildConfigurations = (
				FF2506B6168CDBF500667FD9 /* Debug */,
				FF2506B7168CDBF500667FD9 /* Release */,
			);
			defaultConfigurationIsVisible = 0;
			defaultConfigurationName = Release;
		};
		FF2506E4168CF67700667FD9 /* Build configuration list for PBXNativeTarget "SimpleWebServer" */ = {
			isa = XCConfigurationList;
			buildConfigurations = (
				FF2506E5168CF67700667FD9 /* Debug */,
				FF2506E6168CF67700667FD9 /* Release */,
			);
			defaultConfigurationIsVisible = 0;
			defaultConfigurationName = Release;
		};
		FFB0287C1666D57400CED715 /* Build configuration list for PBXNativeTarget "IQNetworking - OSX" */ = {
			isa = XCConfigurationList;
			buildConfigurations = (
				FFB0287D1666D57400CED715 /* Debug */,
				FFB0287E1666D57400CED715 /* Release */,
			);
			defaultConfigurationIsVisible = 0;
			defaultConfigurationName = Release;
		};
		FFB0287F1666D57400CED715 /* Build configuration list for PBXNativeTarget "Tests - OSX" */ = {
			isa = XCConfigurationList;
			buildConfigurations = (
				FFB028801666D57400CED715 /* Debug */,
				FFB028811666D57400CED715 /* Release */,
			);
			defaultConfigurationIsVisible = 0;
			defaultConfigurationName = Release;
		};
		FFB6E0671665613100A8867C /* Build configuration list for PBXProject "IQNetworking" */ = {
			isa = XCConfigurationList;
			buildConfigurations = (
				FFB6E0901665613200A8867C /* Debug */,
				FFB6E0911665613200A8867C /* Release */,
			);
			defaultConfigurationIsVisible = 0;
			defaultConfigurationName = Release;
		};
		FFB6E0921665613200A8867C /* Build configuration list for PBXNativeTarget "IQNetworking - iOS" */ = {
			isa = XCConfigurationList;
			buildConfigurations = (
				FFB6E0931665613200A8867C /* Debug */,
				FFB6E0941665613200A8867C /* Release */,
			);
			defaultConfigurationIsVisible = 0;
			defaultConfigurationName = Release;
		};
		FFB6E0951665613200A8867C /* Build configuration list for PBXNativeTarget "Tests - iOS" */ = {
			isa = XCConfigurationList;
			buildConfigurations = (
				FFB6E0961665613200A8867C /* Debug */,
				FFB6E0971665613200A8867C /* Release */,
			);
			defaultConfigurationIsVisible = 0;
			defaultConfigurationName = Release;
		};
/* End XCConfigurationList section */
	};
	rootObject = FFB6E0641665613100A8867C /* Project object */;
}
